<Solution>
  <Folder Name="/src/">
    <Project Path="src/InduForge.Collector.Adapters.Hsl/InduForge.Collector.Adapters.Hsl.csproj" />
    <Project Path="src/InduForge.Collector.Contracts/InduForge.Collector.Contracts.csproj" />
    <Project Path="src/InduForge.Collector.DevAgent/InduForge.Collector.DevAgent.csproj" />
    <Project Path="src/InduForge.Collector.Drivers.OpcUa/InduForge.Collector.Drivers.OpcUa.csproj" />
    <Project Path="src/InduForge.Collector.Drivers.ModbusTcp/InduForge.Collector.Drivers.ModbusTcp.csproj" />
    <Project Path="src/InduForge.Collector.Drivers.SiemensS7Tcp/InduForge.Collector.Drivers.SiemensS7Tcp.csproj" />
  </Folder>
  <Folder Name="/tests/">
    <Project Path="tests/InduForge.Collector.Adapters.Hsl.Tests/InduForge.Collector.Adapters.Hsl.Tests.csproj" />
    <Project Path="tests/InduForge.Collector.Contracts.Tests/InduForge.Collector.Contracts.Tests.csproj" />
    <Project Path="tests/InduForge.Collector.Drivers.OpcUa.Tests/InduForge.Collector.Drivers.OpcUa.Tests.csproj" />
    <Project Path="tests/InduForge.Collector.Drivers.ModbusTcp.Tests/InduForge.Collector.Drivers.ModbusTcp.Tests.csproj" />
    <Project Path="tests/InduForge.Collector.Drivers.SiemensS7Tcp.Tests/InduForge.Collector.Drivers.SiemensS7Tcp.Tests.csproj" />
    <Project Path="tests/InduForge.Collector.DevAgent.Tests/InduForge.Collector.DevAgent.Tests.csproj" />
  </Folder>
</Solution>
