<Solution>
  <Folder Name="/src/">
    <Project Path="src/InduForge.Collector.Adapters.Hsl/InduForge.Collector.Adapters.Hsl.csproj" />
    <Project Path="src/InduForge.Collector.Drivers.AllenBradleyEtherNetIp/InduForge.Collector.Drivers.AllenBradleyEtherNetIp.csproj" />
    <Project Path="src/InduForge.Collector.Drivers.BeckhoffAds/InduForge.Collector.Drivers.BeckhoffAds.csproj" />
    <Project Path="src/InduForge.Collector.Drivers.Cimon/InduForge.Collector.Drivers.Cimon.csproj" />
    <Project Path="src/InduForge.Collector.Drivers.Dcs/InduForge.Collector.Drivers.Dcs.csproj" />
    <Project Path="src/InduForge.Collector.Drivers.Delta/InduForge.Collector.Drivers.Delta.csproj" />
    <Project Path="src/InduForge.Collector.Drivers.FatekProgramTcp/InduForge.Collector.Drivers.FatekProgramTcp.csproj" />
    <Project Path="src/InduForge.Collector.Drivers.Freedom/InduForge.Collector.Drivers.Freedom.csproj" />
    <Project Path="src/InduForge.Collector.Drivers.Fuji/InduForge.Collector.Drivers.Fuji.csproj" />
    <Project Path="src/InduForge.Collector.Drivers.GeSrtpTcp/InduForge.Collector.Drivers.GeSrtpTcp.csproj" />
    <Project Path="src/InduForge.Collector.Drivers.Iec104/InduForge.Collector.Drivers.Iec104.csproj" />
    <Project Path="src/InduForge.Collector.Drivers.InstrumentMeters/InduForge.Collector.Drivers.InstrumentMeters.csproj" />
    <Project Path="src/InduForge.Collector.Drivers.InovanceModbusTcp/InduForge.Collector.Drivers.InovanceModbusTcp.csproj" />
    <Project Path="src/InduForge.Collector.Drivers.Keyence/InduForge.Collector.Drivers.Keyence.csproj" />
    <Project Path="src/InduForge.Collector.Drivers.LsisFastEnet/InduForge.Collector.Drivers.LsisFastEnet.csproj" />
    <Project Path="src/InduForge.Collector.Drivers.MegMeet/InduForge.Collector.Drivers.MegMeet.csproj" />
    <Project Path="src/InduForge.Collector.Drivers.PanasonicMewtocolTcp/InduForge.Collector.Drivers.PanasonicMewtocolTcp.csproj" />
    <Project Path="src/InduForge.Collector.Drivers.PanasonicMcBinary/InduForge.Collector.Drivers.PanasonicMcBinary.csproj" />
    <Project Path="src/InduForge.Collector.Contracts/InduForge.Collector.Contracts.csproj" />
    <Project Path="src/InduForge.Collector.DriverHosting/InduForge.Collector.DriverHosting.csproj" />
    <Project Path="src/InduForge.Collector.DevAgent/InduForge.Collector.DevAgent.csproj" />
    <Project Path="src/InduForge.Collector.Runtime/InduForge.Collector.Runtime.csproj" />
    <Project Path="src/InduForge.Collector.Drivers.OpcUa/InduForge.Collector.Drivers.OpcUa.csproj" />
    <Project Path="src/InduForge.Collector.Drivers.OrientalMotor/InduForge.Collector.Drivers.OrientalMotor.csproj" />
    <Project Path="src/InduForge.Collector.Drivers.Robots/InduForge.Collector.Drivers.Robots.csproj" />
    <Project Path="src/InduForge.Collector.Drivers.MitsubishiMc3ETcp/InduForge.Collector.Drivers.MitsubishiMc3ETcp.csproj" />
    <Project Path="src/InduForge.Collector.Drivers.OmronFins/InduForge.Collector.Drivers.OmronFins.csproj" />
    <Project Path="src/InduForge.Collector.Drivers.ModbusRtu/InduForge.Collector.Drivers.ModbusRtu.csproj" />
    <Project Path="src/InduForge.Collector.Drivers.ModbusTcp/InduForge.Collector.Drivers.ModbusTcp.csproj" />
    <Project Path="src/InduForge.Collector.Drivers.MqttRpc/InduForge.Collector.Drivers.MqttRpc.csproj" />
    <Project Path="src/InduForge.Collector.Drivers.SiemensS7Tcp/InduForge.Collector.Drivers.SiemensS7Tcp.csproj" />
    <Project Path="src/InduForge.Collector.Drivers.ToyoPuc/InduForge.Collector.Drivers.ToyoPuc.csproj" />
    <Project Path="src/InduForge.Collector.Drivers.Turck/InduForge.Collector.Drivers.Turck.csproj" />
    <Project Path="src/InduForge.Collector.Drivers.Xinje/InduForge.Collector.Drivers.Xinje.csproj" />
    <Project Path="src/InduForge.Collector.Drivers.Vigor/InduForge.Collector.Drivers.Vigor.csproj" />
    <Project Path="src/InduForge.Collector.Drivers.Yamatake/InduForge.Collector.Drivers.Yamatake.csproj" />
    <Project Path="src/InduForge.Collector.Drivers.Yaskawa/InduForge.Collector.Drivers.Yaskawa.csproj" />
    <Project Path="src/InduForge.Collector.Drivers.Yokogawa/InduForge.Collector.Drivers.Yokogawa.csproj" />
  </Folder>
  <Folder Name="/tests/">
    <Project Path="tests/InduForge.Collector.Adapters.Hsl.Tests/InduForge.Collector.Adapters.Hsl.Tests.csproj" />
    <Project Path="tests/InduForge.Collector.Drivers.AllenBradleyEtherNetIp.Tests/InduForge.Collector.Drivers.AllenBradleyEtherNetIp.Tests.csproj" />
    <Project Path="tests/InduForge.Collector.Drivers.BeckhoffAds.Tests/InduForge.Collector.Drivers.BeckhoffAds.Tests.csproj" />
    <Project Path="tests/InduForge.Collector.Drivers.Cimon.Tests/InduForge.Collector.Drivers.Cimon.Tests.csproj" />
    <Project Path="tests/InduForge.Collector.Drivers.Dcs.Tests/InduForge.Collector.Drivers.Dcs.Tests.csproj" />
    <Project Path="tests/InduForge.Collector.Drivers.Delta.Tests/InduForge.Collector.Drivers.Delta.Tests.csproj" />
    <Project Path="tests/InduForge.Collector.Drivers.FatekProgramTcp.Tests/InduForge.Collector.Drivers.FatekProgramTcp.Tests.csproj" />
    <Project Path="tests/InduForge.Collector.Drivers.Freedom.Tests/InduForge.Collector.Drivers.Freedom.Tests.csproj" />
    <Project Path="tests/InduForge.Collector.Drivers.Fuji.Tests/InduForge.Collector.Drivers.Fuji.Tests.csproj" />
    <Project Path="tests/InduForge.Collector.Drivers.GeSrtpTcp.Tests/InduForge.Collector.Drivers.GeSrtpTcp.Tests.csproj" />
    <Project Path="tests/InduForge.Collector.Drivers.Iec104.Tests/InduForge.Collector.Drivers.Iec104.Tests.csproj" />
    <Project Path="tests/InduForge.Collector.Drivers.InstrumentMeters.Tests/InduForge.Collector.Drivers.InstrumentMeters.Tests.csproj" />
    <Project Path="tests/InduForge.Collector.Drivers.InovanceModbusTcp.Tests/InduForge.Collector.Drivers.InovanceModbusTcp.Tests.csproj" />
    <Project Path="tests/InduForge.Collector.Drivers.Keyence.Tests/InduForge.Collector.Drivers.Keyence.Tests.csproj" />
    <Project Path="tests/InduForge.Collector.Drivers.LsisFastEnet.Tests/InduForge.Collector.Drivers.LsisFastEnet.Tests.csproj" />
    <Project Path="tests/InduForge.Collector.Drivers.MegMeet.Tests/InduForge.Collector.Drivers.MegMeet.Tests.csproj" />
    <Project Path="tests/InduForge.Collector.Drivers.PanasonicMewtocolTcp.Tests/InduForge.Collector.Drivers.PanasonicMewtocolTcp.Tests.csproj" />
    <Project Path="tests/InduForge.Collector.Drivers.PanasonicMcBinary.Tests/InduForge.Collector.Drivers.PanasonicMcBinary.Tests.csproj" />
    <Project Path="tests/InduForge.Collector.Contracts.Tests/InduForge.Collector.Contracts.Tests.csproj" />
    <Project Path="tests/InduForge.Collector.DriverHosting.Tests/InduForge.Collector.DriverHosting.Tests.csproj" />
    <Project Path="tests/InduForge.Collector.Drivers.OpcUa.Tests/InduForge.Collector.Drivers.OpcUa.Tests.csproj" />
    <Project Path="tests/InduForge.Collector.Drivers.OrientalMotor.Tests/InduForge.Collector.Drivers.OrientalMotor.Tests.csproj" />
    <Project Path="tests/InduForge.Collector.Drivers.Robots.Tests/InduForge.Collector.Drivers.Robots.Tests.csproj" />
    <Project Path="tests/InduForge.Collector.Drivers.MitsubishiMc3ETcp.Tests/InduForge.Collector.Drivers.MitsubishiMc3ETcp.Tests.csproj" />
    <Project Path="tests/InduForge.Collector.Drivers.OmronFins.Tests/InduForge.Collector.Drivers.OmronFins.Tests.csproj" />
    <Project Path="tests/InduForge.Collector.Drivers.ModbusRtu.Tests/InduForge.Collector.Drivers.ModbusRtu.Tests.csproj" />
    <Project Path="tests/InduForge.Collector.Drivers.ModbusTcp.Tests/InduForge.Collector.Drivers.ModbusTcp.Tests.csproj" />
    <Project Path="tests/InduForge.Collector.Drivers.MqttRpc.Tests/InduForge.Collector.Drivers.MqttRpc.Tests.csproj" />
    <Project Path="tests/InduForge.Collector.Drivers.SiemensS7Tcp.Tests/InduForge.Collector.Drivers.SiemensS7Tcp.Tests.csproj" />
    <Project Path="tests/InduForge.Collector.Drivers.ToyoPuc.Tests/InduForge.Collector.Drivers.ToyoPuc.Tests.csproj" />
    <Project Path="tests/InduForge.Collector.Drivers.Turck.Tests/InduForge.Collector.Drivers.Turck.Tests.csproj" />
    <Project Path="tests/InduForge.Collector.Drivers.Xinje.Tests/InduForge.Collector.Drivers.Xinje.Tests.csproj" />
    <Project Path="tests/InduForge.Collector.Drivers.Vigor.Tests/InduForge.Collector.Drivers.Vigor.Tests.csproj" />
    <Project Path="tests/InduForge.Collector.Drivers.Yamatake.Tests/InduForge.Collector.Drivers.Yamatake.Tests.csproj" />
    <Project Path="tests/InduForge.Collector.Drivers.Yaskawa.Tests/InduForge.Collector.Drivers.Yaskawa.Tests.csproj" />
    <Project Path="tests/InduForge.Collector.Drivers.Yokogawa.Tests/InduForge.Collector.Drivers.Yokogawa.Tests.csproj" />
    <Project Path="tests/InduForge.Collector.DevAgent.Tests/InduForge.Collector.DevAgent.Tests.csproj" />
    <Project Path="tests/InduForge.Collector.Runtime.Tests/InduForge.Collector.Runtime.Tests.csproj" />
  </Folder>
</Solution>
